// !$*UTF8*$!
{
	archiveVersion = 1;
	classes = {
	};
	objectVersion = 54;
	objects = {

/* Begin PBXBuildFile section */
		039EECE31E14DA25009EFC1B /* YZContactManager.swift in Sources */ = {isa = PBXBuildFile; fileRef = 039EECE01E14DA25009EFC1B /* YZContactManager.swift */; };
		039EECE41E14DA25009EFC1B /* YZContactModel.swift in Sources */ = {isa = PBXBuildFile; fileRef = 039EECE11E14DA25009EFC1B /* YZContactModel.swift */; };
		039EECE51E14DA25009EFC1B /* YZContactPickerVC.swift in Sources */ = {isa = PBXBuildFile; fileRef = 039EECE21E14DA25009EFC1B /* YZContactPickerVC.swift */; };
		039EECE71E14E2F9009EFC1B /* KPContact.storyboard in Resources */ = {isa = PBXBuildFile; fileRef = 039EECE61E14E2F9009EFC1B /* KPContact.storyboard */; };
		03A654B01E13843F009C9477 /* AppDelegate.swift in Sources */ = {isa = PBXBuildFile; fileRef = 03A654AF1E13843F009C9477 /* AppDelegate.swift */; };
		03A654B21E13843F009C9477 /* ViewController.swift in Sources */ = {isa = PBXBuildFile; fileRef = 03A654B11E13843F009C9477 /* ViewController.swift */; };
		03A654B51E13843F009C9477 /* Main.storyboard in Resources */ = {isa = PBXBuildFile; fileRef = 03A654B31E13843F009C9477 /* Main.storyboard */; };
		03A654BA1E13843F009C9477 /* Assets.xcassets in Resources */ = {isa = PBXBuildFile; fileRef = 03A654B91E13843F009C9477 /* Assets.xcassets */; };
		03A654BD1E13843F009C9477 /* LaunchScreen.storyboard in Resources */ = {isa = PBXBuildFile; fileRef = 03A654BB1E13843F009C9477 /* LaunchScreen.storyboard */; };
/* End PBXBuildFile section */

/* Begin PBXFileReference section */
		039EECE01E14DA25009EFC1B /* YZContactManager.swift */ = {isa = PBXFileReference; fileEncoding = 4; lastKnownFileType = sourcecode.swift; path = YZContactManager.swift; sourceTree = "<group>"; };
		039EECE11E14DA25009EFC1B /* YZContactModel.swift */ = {isa = PBXFileReference; fileEncoding = 4; lastKnownFileType = sourcecode.swift; path = YZContactModel.swift; sourceTree = "<group>"; };
		039EECE21E14DA25009EFC1B /* YZContactPickerVC.swift */ = {isa = PBXFileReference; fileEncoding = 4; lastKnownFileType = sourcecode.swift; path = YZContactPickerVC.swift; sourceTree = "<group>"; };
		039EECE61E14E2F9009EFC1B /* KPContact.storyboard */ = {isa = PBXFileReference; fileEncoding = 4; lastKnownFileType = file.storyboard; path = KPContact.storyboard; sourceTree = "<group>"; };
		03A654AC1E13843F009C9477 /* KPContactPicker.app */ = {isa = PBXFileReference; explicitFileType = wrapper.application; includeInIndex = 0; path = KPContactPicker.app; sourceTree = BUILT_PRODUCTS_DIR; };
		03A654AF1E13843F009C9477 /* AppDelegate.swift */ = {isa = PBXFileReference; lastKnownFileType = sourcecode.swift; path = AppDelegate.swift; sourceTree = "<group>"; };
		03A654B11E13843F009C9477 /* ViewController.swift */ = {isa = PBXFileReference; lastKnownFileType = sourcecode.swift; path = ViewController.swift; sourceTree = "<group>"; };
		03A654B41E13843F009C9477 /* Base */ = {isa = PBXFileReference; lastKnownFileType = file.storyboard; name = Base; path = Base.lproj/Main.storyboard; sourceTree = "<group>"; };
		03A654B91E13843F009C9477 /* Assets.xcassets */ = {isa = PBXFileReference; lastKnownFileType = folder.assetcatalog; path = Assets.xcassets; sourceTree = "<group>"; };
		03A654BC1E13843F009C9477 /* Base */ = {isa = PBXFileReference; lastKnownFileType = file.storyboard; name = Base; path = Base.lproj/LaunchScreen.storyboard; sourceTree = "<group>"; };
		03A654BE1E13843F009C9477 /* Info.plist */ = {isa = PBXFileReference; lastKnownFileType = text.plist.xml; path = Info.plist; sourceTree = "<group>"; };
/* End PBXFileReference section */

/* Begin PBXFrameworksBuildPhase section */
		03A654A91E13843F009C9477 /* Frameworks */ = {
			isa = PBXFrameworksBuildPhase;
			buildActionMask = 2147483647;
			files = (
			);
			runOnlyForDeploymentPostprocessing = 0;
		};
/* End PBXFrameworksBuildPhase section */

/* Begin PBXGroup section */
		039EECDF1E14DA25009EFC1B /* KPContact */ = {
			isa = PBXGroup;
			children = (
				039EECE01E14DA25009EFC1B /* YZContactManager.swift */,
				039EECE11E14DA25009EFC1B /* YZContactModel.swift */,
				039EECE21E14DA25009EFC1B /* YZContactPickerVC.swift */,
				039EECE61E14E2F9009EFC1B /* KPContact.storyboard */,
			);
			path = KPContact;
			sourceTree = "<group>";
		};
		03A654A31E13843F009C9477 = {
			isa = PBXGroup;
			children = (
				03A654AE1E13843F009C9477 /* KPContactPicker */,
				03A654AD1E13843F009C9477 /* Products */,
			);
			sourceTree = "<group>";
		};
		03A654AD1E13843F009C9477 /* Products */ = {
			isa = PBXGroup;
			children = (
				03A654AC1E13843F009C9477 /* KPContactPicker.app */,
			);
			name = Products;
			sourceTree = "<group>";
		};
		03A654AE1E13843F009C9477 /* KPContactPicker */ = {
			isa = PBXGroup;
			children = (
				039EECDF1E14DA25009EFC1B /* KPContact */,
				03A654AF1E13843F009C9477 /* AppDelegate.swift */,
				03A654B11E13843F009C9477 /* ViewController.swift */,
				03A654B31E13843F009C9477 /* Main.storyboard */,
				03A654B91E13843F009C9477 /* Assets.xcassets */,
				03A654BB1E13843F009C9477 /* LaunchScreen.storyboard */,
				03A654BE1E13843F009C9477 /* Info.plist */,
			);
			path = KPContactPicker;
			sourceTree = "<group>";
		};
/* End PBXGroup section */

/* Begin PBXNativeTarget section */
		03A654AB1E13843F009C9477 /* KPContactPicker */ = {
			isa = PBXNativeTarget;
			buildConfigurationList = 03A654C11E13843F009C9477 /* Build configuration list for PBXNativeTarget "KPContactPicker" */;
			buildPhases = (
				03A654A81E13843F009C9477 /* Sources */,
				03A654A91E13843F009C9477 /* Frameworks */,
				03A654AA1E13843F009C9477 /* Resources */,
			);
			buildRules = (
			);
			dependencies = (
			);
			name = KPContactPicker;
			productName = KPContactPicker;
			productReference = 03A654AC1E13843F009C9477 /* KPContactPicker.app */;
			productType = "com.apple.product-type.application";
		};
/* End PBXNativeTarget section */

/* Begin PBXProject section */
		03A654A41E13843F009C9477 /* Project object */ = {
			isa = PBXProject;
			attributes = {
				BuildIndependentTargetsInParallel = YES;
				LastSwiftUpdateCheck = 0820;
				LastUpgradeCheck = 1500;
				ORGANIZATIONNAME = Yudiz;
				TargetAttributes = {
					03A654AB1E13843F009C9477 = {
						CreatedOnToolsVersion = 8.2;
						ProvisioningStyle = Manual;
					};
				};
			};
			buildConfigurationList = 03A654A71E13843F009C9477 /* Build configuration list for PBXProject "KPContactPicker" */;
			compatibilityVersion = "Xcode 3.2";
			developmentRegion = en;
			hasScannedForEncodings = 0;
			knownRegions = (
				en,
				Base,
			);
			mainGroup = 03A654A31E13843F009C9477;
			productRefGroup = 03A654AD1E13843F009C9477 /* Products */;
			projectDirPath = "";
			projectRoot = "";
			targets = (
				03A654AB1E13843F009C9477 /* KPContactPicker */,
			);
		};
/* End PBXProject section */

/* Begin PBXResourcesBuildPhase section */
		03A654AA1E13843F009C9477 /* Resources */ = {
			isa = PBXResourcesBuildPhase;
			buildActionMask = 2147483647;
			files = (
				03A654BD1E13843F009C9477 /* LaunchScreen.storyboard in Resources */,
				03A654BA1E13843F009C9477 /* Assets.xcassets in Resources */,
				039EECE71E14E2F9009EFC1B /* KPContact.storyboard in Resources */,
				03A654B51E13843F009C9477 /* Main.storyboard in Resources */,
			);
			runOnlyForDeploymentPostprocessing = 0;
		};
/* End PBXResourcesBuildPhase section */

/* Begin PBXSourcesBuildPhase section */
		03A654A81E13843F009C9477 /* Sources */ = {
			isa = PBXSourcesBuildPhase;
			buildActionMask = 2147483647;
			files = (
				03A654B21E13843F009C9477 /* ViewController.swift in Sources */,
				039EECE41E14DA25009EFC1B /* YZContactModel.swift in Sources */,
				039EECE51E14DA25009EFC1B /* YZContactPickerVC.swift in Sources */,
				03A654B01E13843F009C9477 /* AppDelegate.swift in Sources */,
				039EECE31E14DA25009EFC1B /* YZContactManager.swift in Sources */,
			);
			runOnlyForDeploymentPostprocessing = 0;
		};
/* End PBXSourcesBuildPhase section */

/* Begin PBXVariantGroup section */
		03A654B31E13843F009C9477 /* Main.storyboard */ = {
			isa = PBXVariantGroup;
			children = (
				03A654B41E13843F009C9477 /* Base */,
			);
			name = Main.storyboard;
			sourceTree = "<group>";
		};
		03A654BB1E13843F009C9477 /* LaunchScreen.storyboard */ = {
			isa = PBXVariantGroup;
			children = (
				03A654BC1E13843F009C9477 /* Base */,
			);
			name = LaunchScreen.storyboard;
			sourceTree = "<group>";
		};
/* End PBXVariantGroup section */

/* Begin XCBuildConfiguration section */
		03A654BF1E13843F009C9477 /* Debug */ = {
			isa = XCBuildConfiguration;
			buildSettings = {
				ALWAYS_SEARCH_USER_PATHS = NO;
				CLANG_ANALYZER_LOCALIZABILITY_NONLOCALIZED = YES;
				CLANG_ANALYZER_NONNULL = YES;
				CLANG_CXX_LANGUAGE_STANDARD = "gnu++0x";
				CLANG_CXX_LIBRARY = "libc++";
				CLANG_ENABLE_MODULES = YES;
				CLANG_ENABLE_OBJC_ARC = YES;
				CLANG_WARN_BLOCK_CAPTURE_AUTORELEASING = YES;
				CLANG_WARN_BOOL_CONVERSION = YES;
				CLANG_WARN_COMMA = YES;
				CLANG_WARN_CONSTANT_CONVERSION = YES;
				CLANG_WARN_DEPRECATED_OBJC_IMPLEMENTATIONS = YES;
				CLANG_WARN_DIRECT_OBJC_ISA_USAGE = YES_ERROR;
				CLANG_WARN_DOCUMENTATION_COMMENTS = YES;
				CLANG_WARN_EMPTY_BODY = YES;
				CLANG_WARN_ENUM_CONVERSION = YES;
				CLANG_WARN_INFINITE_RECURSION = YES;
				CLANG_WARN_INT_CONVERSION = YES;
				CLANG_WARN_NON_LITERAL_NULL_CONVERSION = YES;
				CLANG_WARN_OBJC_IMPLICIT_RETAIN_SELF = YES;
				CLANG_WARN_OBJC_LITERAL_CONVERSION = YES;
				CLANG_WARN_OBJC_ROOT_CLASS = YES_ERROR;
				CLANG_WARN_QUOTED_INCLUDE_IN_FRAMEWORK_HEADER = YES;
				CLANG_WARN_RANGE_LOOP_ANALYSIS = YES;
				CLANG_WARN_STRICT_PROTOTYPES = YES;
				CLANG_WARN_SUSPICIOUS_MOVE = YES;
				CLANG_WARN_UNREACHABLE_CODE = YES;
				CLANG_WARN__DUPLICATE_METHOD_MATCH = YES;
				"CODE_SIGN_IDENTITY[sdk=iphoneos*]" = "iPhone Developer";
				COPY_PHASE_STRIP = NO;
				DEBUG_INFORMATION_FORMAT = dwarf;
				ENABLE_STRICT_OBJC_MSGSEND = YES;
				ENABLE_TESTABILITY = YES;
				ENABLE_USER_SCRIPT_SANDBOXING = YES;
				GCC_C_LANGUAGE_STANDARD = gnu99;
				GCC_DYNAMIC_NO_PIC = NO;
				GCC_NO_COMMON_BLOCKS = YES;
				GCC_OPTIMIZATION_LEVEL = 0;
				GCC_PREPROCESSOR_DEFINITIONS = (
					"DEBUG=1",
					"$(inherited)",
				);
				GCC_WARN_64_TO_32_BIT_CONVERSION = YES;
				GCC_WARN_ABOUT_RETURN_TYPE = YES_ERROR;
				GCC_WARN_UNDECLARED_SELECTOR = YES;
				GCC_WARN_UNINITIALIZED_AUTOS = YES_AGGRESSIVE;
				GCC_WARN_UNUSED_FUNCTION = YES;
				GCC_WARN_UNUSED_VARIABLE = YES;
				IPHONEOS_DEPLOYMENT_TARGET = 12.0;
				MTL_ENABLE_DEBUG_INFO = YES;
				ONLY_ACTIVE_ARCH = YES;
				SDKROOT = iphoneos;
				SWIFT_ACTIVE_COMPILATION_CONDITIONS = DEBUG;
				SWIFT_OPTIMIZATION_LEVEL = "-Onone";
				TARGETED_DEVICE_FAMILY = "1,2";
			};
			name = Debug;
		};
		03A654C01E13843F009C9477 /* Release */ = {
			isa = XCBuildConfiguration;
			buildSettings = {
				ALWAYS_SEARCH_USER_PATHS = NO;
				CLANG_ANALYZER_LOCALIZABILITY_NONLOCALIZED = YES;
				CLANG_ANALYZER_NONNULL = YES;
				CLANG_CXX_LANGUAGE_STANDARD = "gnu++0x";
				CLANG_CXX_LIBRARY = "libc++";
				CLANG_ENABLE_MODULES = YES;
				CLANG_ENABLE_OBJC_ARC = YES;
				CLANG_WARN_BLOCK_CAPTURE_AUTORELEASING = YES;
				CLANG_WARN_BOOL_CONVERSION = YES;
				CLANG_WARN_COMMA = YES;
				CLANG_WARN_CONSTANT_CONVERSION = YES;
				CLANG_WARN_DEPRECATED_OBJC_IMPLEMENTATIONS = YES;
				CLANG_WARN_DIRECT_OBJC_ISA_USAGE = YES_ERROR;
				CLANG_WARN_DOCUMENTATION_COMMENTS = YES;
				CLANG_WARN_EMPTY_BODY = YES;
				CLANG_WARN_ENUM_CONVERSION = YES;
				CLANG_WARN_INFINITE_RECURSION = YES;
				CLANG_WARN_INT_CONVERSION = YES;
				CLANG_WARN_NON_LITERAL_NULL_CONVERSION = YES;
				CLANG_WARN_OBJC_IMPLICIT_RETAIN_SELF = YES;
				CLANG_WARN_OBJC_LITERAL_CONVERSION = YES;
				CLANG_WARN_OBJC_ROOT_CLASS = YES_ERROR;
				CLANG_WARN_QUOTED_INCLUDE_IN_FRAMEWORK_HEADER = YES;
				CLANG_WARN_RANGE_LOOP_ANALYSIS = YES;
				CLANG_WARN_STRICT_PROTOTYPES = YES;
				CLANG_WARN_SUSPICIOUS_MOVE = YES;
				CLANG_WARN_UNREACHABLE_CODE = YES;
				CLANG_WARN__DUPLICATE_METHOD_MATCH = YES;
				"CODE_SIGN_IDENTITY[sdk=iphoneos*]" = "iPhone Developer";
				COPY_PHASE_STRIP = NO;
				DEBUG_INFORMATION_FORMAT = "dwarf-with-dsym";
				ENABLE_NS_ASSERTIONS = NO;
				ENABLE_STRICT_OBJC_MSGSEND = YES;
				ENABLE_USER_SCRIPT_SANDBOXING = YES;
				GCC_C_LANGUAGE_STANDARD = gnu99;
				GCC_NO_COMMON_BLOCKS = YES;
				GCC_WARN_64_TO_32_BIT_CONVERSION = YES;
				GCC_WARN_ABOUT_RETURN_TYPE = YES_ERROR;
				GCC_WARN_UNDECLARED_SELECTOR = YES;
				GCC_WARN_UNINITIALIZED_AUTOS = YES_AGGRESSIVE;
				GCC_WARN_UNUSED_FUNCTION = YES;
				GCC_WARN_UNUSED_VARIABLE = YES;
				IPHONEOS_DEPLOYMENT_TARGET = 12.0;
				MTL_ENABLE_DEBUG_INFO = NO;
				SDKROOT = iphoneos;
				SWIFT_COMPILATION_MODE = wholemodule;
				SWIFT_OPTIMIZATION_LEVEL = "-O";
				TARGETED_DEVICE_FAMILY = "1,2";
				VALIDATE_PRODUCT = YES;
			};
			name = Release;
		};
		03A654C21E13843F009C9477 /* Debug */ = {
			isa = XCBuildConfiguration;
			buildSettings = {
				ASSETCATALOG_COMPILER_APPICON_NAME = AppIcon;
				DEVELOPMENT_TEAM = "";
				INFOPLIST_FILE = KPContactPicker/Info.plist;
				LD_RUNPATH_SEARCH_PATHS = (
					"$(inherited)",
					"@executable_path/Frameworks",
				);
				PRODUCT_BUNDLE_IDENTIFIER = com.KPContactPicker;
				PRODUCT_NAME = "$(TARGET_NAME)";
				SWIFT_VERSION = 5.0;
			};
			name = Debug;
		};
		03A654C31E13843F009C9477 /* Release */ = {
			isa = XCBuildConfiguration;
			buildSettings = {
				ASSETCATALOG_COMPILER_APPICON_NAME = AppIcon;
				DEVELOPMENT_TEAM = "";
				INFOPLIST_FILE = KPContactPicker/Info.plist;
				LD_RUNPATH_SEARCH_PATHS = (
					"$(inherited)",
					"@executable_path/Frameworks",
				);
				PRODUCT_BUNDLE_IDENTIFIER = com.KPContactPicker;
				PRODUCT_NAME = "$(TARGET_NAME)";
				SWIFT_VERSION = 5.0;
			};
			name = Release;
		};
/* End XCBuildConfiguration section */

/* Begin XCConfigurationList section */
		03A654A71E13843F009C9477 /* Build configuration list for PBXProject "KPContactPicker" */ = {
			isa = XCConfigurationList;
			buildConfigurations = (
				03A654BF1E13843F009C9477 /* Debug */,
				03A654C01E13843F009C9477 /* Release */,
			);
			defaultConfigurationIsVisible = 0;
			defaultConfigurationName = Release;
		};
		03A654C11E13843F009C9477 /* Build configuration list for PBXNativeTarget "KPContactPicker" */ = {
			isa = XCConfigurationList;
			buildConfigurations = (
				03A654C21E13843F009C9477 /* Debug */,
				03A654C31E13843F009C9477 /* Release */,
			);
			defaultConfigurationIsVisible = 0;
			defaultConfigurationName = Release;
		};
/* End XCConfigurationList section */
	};
	rootObject = 03A654A41E13843F009C9477 /* Project object */;
}
